// !$*UTF8*$!
{
	archiveVersion = 1;
	classes = {
	};
	objectVersion = 56;
	objects = {

/* Begin PBXBuildFile section */
		50627A862A167148009BA1FC /* DirectoryWatcher.swift in Sources */ = {isa = PBXBuildFile; fileRef = 50627A852A167148009BA1FC /* DirectoryWatcher.swift */; };
		5079FD6E2A10C8890066EC08 /* ViewController.swift in Sources */ = {isa = PBXBuildFile; fileRef = 5079FD6D2A10C8890066EC08 /* ViewController.swift */; };
		5079FD702A10C88B0066EC08 /* Assets.xcassets in Resources */ = {isa = PBXBuildFile; fileRef = 5079FD6F2A10C88B0066EC08 /* Assets.xcassets */; };
		5079FD732A10C88B0066EC08 /* Main.storyboard in Resources */ = {isa = PBXBuildFile; fileRef = 5079FD712A10C88B0066EC08 /* Main.storyboard */; };
		5079FD7B2A10D2390066EC08 /* ContentView.swift in Sources */ = {isa = PBXBuildFile; fileRef = 5079FD7A2A10D2390066EC08 /* ContentView.swift */; };
		5079FD7E2A10D4D40066EC08 /* HotKey in Frameworks */ = {isa = PBXBuildFile; productRef = 5079FD7D2A10D4D40066EC08 /* HotKey */; };
		5079FD802A10D5180066EC08 /* AppDelegate.swift in Sources */ = {isa = PBXBuildFile; fileRef = 5079FD7F2A10D5170066EC08 /* AppDelegate.swift */; };
		5079FD832A10D5B50066EC08 /* Keyboard.swift in Sources */ = {isa = PBXBuildFile; fileRef = 5079FD822A10D5B50066EC08 /* Keyboard.swift */; };
		5079FD8C2A10DB4E0066EC08 /* LoadableImageView.swift in Sources */ = {isa = PBXBuildFile; fileRef = 5079FD8B2A10DB4E0066EC08 /* LoadableImageView.swift */; };
		5079FD8E2A10DB680066EC08 /* FocusableTextField.swift in Sources */ = {isa = PBXBuildFile; fileRef = 5079FD8D2A10DB680066EC08 /* FocusableTextField.swift */; };
		5079FD922A10DBC30066EC08 /* DigitalWatchView.swift in Sources */ = {isa = PBXBuildFile; fileRef = 5079FD902A10DBC30066EC08 /* DigitalWatchView.swift */; };
		5079FD932A10DBC30066EC08 /* SettingsView.swift in Sources */ = {isa = PBXBuildFile; fileRef = 5079FD912A10DBC30066EC08 /* SettingsView.swift */; };
		5079FD952A10DE360066EC08 /* ImageTopApp.swift in Sources */ = {isa = PBXBuildFile; fileRef = 5079FD942A10DE360066EC08 /* ImageTopApp.swift */; };
		50A06A082A39C02100319BEA /* VideoPlayerView.swift in Sources */ = {isa = PBXBuildFile; fileRef = 50A06A072A39C02100319BEA /* VideoPlayerView.swift */; };
		50A06A0C2A3C9E2100319BEA /* getPexelsVideoList.swift in Sources */ = {isa = PBXBuildFile; fileRef = 50A06A0B2A3C9E2100319BEA /* getPexelsVideoList.swift */; };
		50A06A0E2A3CA62B00319BEA /* VideoData.swift in Sources */ = {isa = PBXBuildFile; fileRef = 50A06A0D2A3CA62B00319BEA /* VideoData.swift */; };
		50A06A102A3F2B7E00319BEA /* clearPexelVideos.swift in Sources */ = {isa = PBXBuildFile; fileRef = 50A06A0F2A3F2B7E00319BEA /* clearPexelVideos.swift */; };
		50A06A122A3F2BFE00319BEA /* deleteFile.swift in Sources */ = {isa = PBXBuildFile; fileRef = 50A06A112A3F2BFE00319BEA /* deleteFile.swift */; };
		50B646642A111162002CA82E /* WindowManager.swift in Sources */ = {isa = PBXBuildFile; fileRef = 50B646632A111162002CA82E /* WindowManager.swift */; };
		50B9EA932A3648F6002BCB4B /* PexelsResource-photo-src.swift in Sources */ = {isa = PBXBuildFile; fileRef = 50B9EA922A3648F6002BCB4B /* PexelsResource-photo-src.swift */; };
		50B9EA952A364929002BCB4B /* downloadPexelPhotos.swift in Sources */ = {isa = PBXBuildFile; fileRef = 50B9EA942A364929002BCB4B /* downloadPexelPhotos.swift */; };
		50B9EA972A364CA2002BCB4B /* checkIfUrlExists.swift in Sources */ = {isa = PBXBuildFile; fileRef = 50B9EA962A364CA2002BCB4B /* checkIfUrlExists.swift */; };
		50B9EA992A365361002BCB4B /* downloadPhoto.swift in Sources */ = {isa = PBXBuildFile; fileRef = 50B9EA982A365361002BCB4B /* downloadPhoto.swift */; };
		50B9EA9B2A365450002BCB4B /* sanitizeFileName.swift in Sources */ = {isa = PBXBuildFile; fileRef = 50B9EA9A2A365450002BCB4B /* sanitizeFileName.swift */; };
		50B9EA9D2A377061002BCB4B /* ClearFolder.swift in Sources */ = {isa = PBXBuildFile; fileRef = 50B9EA9C2A377061002BCB4B /* ClearFolder.swift */; };
		50B9EA9F2A3793A1002BCB4B /* isFreeSpaceMoreThan.swift in Sources */ = {isa = PBXBuildFile; fileRef = 50B9EA9E2A3793A1002BCB4B /* isFreeSpaceMoreThan.swift */; };
		50B9EAA12A386A1E002BCB4B /* WriteFile.swift in Sources */ = {isa = PBXBuildFile; fileRef = 50B9EAA02A386A1E002BCB4B /* WriteFile.swift */; };
		50B9EAA32A387E5A002BCB4B /* readFileContents.swift in Sources */ = {isa = PBXBuildFile; fileRef = 50B9EAA22A387E5A002BCB4B /* readFileContents.swift */; };
		50BEA3872A4EC07C00F0FE19 /* PausableTimer.swift in Sources */ = {isa = PBXBuildFile; fileRef = 50BEA3862A4EC07C00F0FE19 /* PausableTimer.swift */; };
		50BEA38C2A51CB6100F0FE19 /* Reachability in Frameworks */ = {isa = PBXBuildFile; productRef = 50BEA38B2A51CB6100F0FE19 /* Reachability */; };
		50BEA38E2A51D50000F0FE19 /* NetworkManager.swift in Sources */ = {isa = PBXBuildFile; fileRef = 50BEA38D2A51D50000F0FE19 /* NetworkManager.swift */; };
		50BEA3B42A5436AB00F0FE19 /* isVideoFile.swift in Sources */ = {isa = PBXBuildFile; fileRef = 50BEA3B32A5436AB00F0FE19 /* isVideoFile.swift */; };
		50C499182A2D173F00797C12 /* ScreenLockStatus.swift in Sources */ = {isa = PBXBuildFile; fileRef = 50C499172A2D173F00797C12 /* ScreenLockStatus.swift */; };
		50DC5B572A5C2ABD003119E8 /* indexedPrint.swift in Sources */ = {isa = PBXBuildFile; fileRef = 50DC5B562A5C2ABD003119E8 /* indexedPrint.swift */; };
		50EC4A9C2A1404BF00C4D327 /* debugPrint.swift in Sources */ = {isa = PBXBuildFile; fileRef = 50EC4A9B2A1404BF00C4D327 /* debugPrint.swift */; };
/* End PBXBuildFile section */

/* Begin PBXFileReference section */
		50627A852A167148009BA1FC /* DirectoryWatcher.swift */ = {isa = PBXFileReference; lastKnownFileType = sourcecode.swift; path = DirectoryWatcher.swift; sourceTree = "<group>"; };
		5079FD682A10C8890066EC08 /* imageTop.app */ = {isa = PBXFileReference; explicitFileType = wrapper.application; includeInIndex = 0; path = imageTop.app; sourceTree = BUILT_PRODUCTS_DIR; };
		5079FD6D2A10C8890066EC08 /* ViewController.swift */ = {isa = PBXFileReference; lastKnownFileType = sourcecode.swift; path = ViewController.swift; sourceTree = "<group>"; };
		5079FD6F2A10C88B0066EC08 /* Assets.xcassets */ = {isa = PBXFileReference; lastKnownFileType = folder.assetcatalog; path = Assets.xcassets; sourceTree = "<group>"; };
		5079FD722A10C88B0066EC08 /* Base */ = {isa = PBXFileReference; lastKnownFileType = file.storyboard; name = Base; path = Base.lproj/Main.storyboard; sourceTree = "<group>"; };
		5079FD742A10C88B0066EC08 /* imageTop2.entitlements */ = {isa = PBXFileReference; lastKnownFileType = text.plist.entitlements; path = imageTop2.entitlements; sourceTree = "<group>"; };
		5079FD7A2A10D2390066EC08 /* ContentView.swift */ = {isa = PBXFileReference; lastKnownFileType = sourcecode.swift; path = ContentView.swift; sourceTree = "<group>"; };
		5079FD7F2A10D5170066EC08 /* AppDelegate.swift */ = {isa = PBXFileReference; lastKnownFileType = sourcecode.swift; path = AppDelegate.swift; sourceTree = "<group>"; };
		5079FD822A10D5B50066EC08 /* Keyboard.swift */ = {isa = PBXFileReference; lastKnownFileType = sourcecode.swift; path = Keyboard.swift; sourceTree = "<group>"; };
		5079FD8B2A10DB4E0066EC08 /* LoadableImageView.swift */ = {isa = PBXFileReference; fileEncoding = 4; lastKnownFileType = sourcecode.swift; path = LoadableImageView.swift; sourceTree = "<group>"; };
		5079FD8D2A10DB680066EC08 /* FocusableTextField.swift */ = {isa = PBXFileReference; lastKnownFileType = sourcecode.swift; path = FocusableTextField.swift; sourceTree = "<group>"; };
		5079FD902A10DBC30066EC08 /* DigitalWatchView.swift */ = {isa = PBXFileReference; fileEncoding = 4; lastKnownFileType = sourcecode.swift; path = DigitalWatchView.swift; sourceTree = "<group>"; };
		5079FD912A10DBC30066EC08 /* SettingsView.swift */ = {isa = PBXFileReference; fileEncoding = 4; lastKnownFileType = sourcecode.swift; path = SettingsView.swift; sourceTree = "<group>"; };
		5079FD942A10DE360066EC08 /* ImageTopApp.swift */ = {isa = PBXFileReference; lastKnownFileType = sourcecode.swift; path = ImageTopApp.swift; sourceTree = "<group>"; };
		50A06A072A39C02100319BEA /* VideoPlayerView.swift */ = {isa = PBXFileReference; lastKnownFileType = sourcecode.swift; path = VideoPlayerView.swift; sourceTree = "<group>"; };
		50A06A0B2A3C9E2100319BEA /* getPexelsVideoList.swift */ = {isa = PBXFileReference; lastKnownFileType = sourcecode.swift; path = getPexelsVideoList.swift; sourceTree = "<group>"; };
		50A06A0D2A3CA62B00319BEA /* VideoData.swift */ = {isa = PBXFileReference; lastKnownFileType = sourcecode.swift; path = VideoData.swift; sourceTree = "<group>"; };
		50A06A0F2A3F2B7E00319BEA /* clearPexelVideos.swift */ = {isa = PBXFileReference; lastKnownFileType = sourcecode.swift; path = clearPexelVideos.swift; sourceTree = "<group>"; };
		50A06A112A3F2BFE00319BEA /* deleteFile.swift */ = {isa = PBXFileReference; lastKnownFileType = sourcecode.swift; path = deleteFile.swift; sourceTree = "<group>"; };
		50B646632A111162002CA82E /* WindowManager.swift */ = {isa = PBXFileReference; lastKnownFileType = sourcecode.swift; path = WindowManager.swift; sourceTree = "<group>"; };
		50B9EA922A3648F6002BCB4B /* PexelsResource-photo-src.swift */ = {isa = PBXFileReference; lastKnownFileType = sourcecode.swift; path = "PexelsResource-photo-src.swift"; sourceTree = "<group>"; };
		50B9EA942A364929002BCB4B /* downloadPexelPhotos.swift */ = {isa = PBXFileReference; lastKnownFileType = sourcecode.swift; path = downloadPexelPhotos.swift; sourceTree = "<group>"; };
		50B9EA962A364CA2002BCB4B /* checkIfUrlExists.swift */ = {isa = PBXFileReference; lastKnownFileType = sourcecode.swift; path = checkIfUrlExists.swift; sourceTree = "<group>"; };
		50B9EA982A365361002BCB4B /* downloadPhoto.swift */ = {isa = PBXFileReference; lastKnownFileType = sourcecode.swift; path = downloadPhoto.swift; sourceTree = "<group>"; };
		50B9EA9A2A365450002BCB4B /* sanitizeFileName.swift */ = {isa = PBXFileReference; lastKnownFileType = sourcecode.swift; path = sanitizeFileName.swift; sourceTree = "<group>"; };
		50B9EA9C2A377061002BCB4B /* ClearFolder.swift */ = {isa = PBXFileReference; lastKnownFileType = sourcecode.swift; path = ClearFolder.swift; sourceTree = "<group>"; };
		50B9EA9E2A3793A1002BCB4B /* isFreeSpaceMoreThan.swift */ = {isa = PBXFileReference; lastKnownFileType = sourcecode.swift; path = isFreeSpaceMoreThan.swift; sourceTree = "<group>"; };
		50B9EAA02A386A1E002BCB4B /* WriteFile.swift */ = {isa = PBXFileReference; lastKnownFileType = sourcecode.swift; path = WriteFile.swift; sourceTree = "<group>"; };
		50B9EAA22A387E5A002BCB4B /* readFileContents.swift */ = {isa = PBXFileReference; lastKnownFileType = sourcecode.swift; path = readFileContents.swift; sourceTree = "<group>"; };
		50BEA3862A4EC07C00F0FE19 /* PausableTimer.swift */ = {isa = PBXFileReference; lastKnownFileType = sourcecode.swift; path = PausableTimer.swift; sourceTree = "<group>"; };
		50BEA38D2A51D50000F0FE19 /* NetworkManager.swift */ = {isa = PBXFileReference; lastKnownFileType = sourcecode.swift; path = NetworkManager.swift; sourceTree = "<group>"; };
		50BEA3B32A5436AB00F0FE19 /* isVideoFile.swift */ = {isa = PBXFileReference; lastKnownFileType = sourcecode.swift; path = isVideoFile.swift; sourceTree = "<group>"; };
		50C499172A2D173F00797C12 /* ScreenLockStatus.swift */ = {isa = PBXFileReference; lastKnownFileType = sourcecode.swift; path = ScreenLockStatus.swift; sourceTree = "<group>"; };
		50DC5B562A5C2ABD003119E8 /* indexedPrint.swift */ = {isa = PBXFileReference; lastKnownFileType = sourcecode.swift; path = indexedPrint.swift; sourceTree = "<group>"; };
		50EC4A9B2A1404BF00C4D327 /* debugPrint.swift */ = {isa = PBXFileReference; lastKnownFileType = sourcecode.swift; path = debugPrint.swift; sourceTree = "<group>"; };
/* End PBXFileReference section */

/* Begin PBXFrameworksBuildPhase section */
		5079FD652A10C8890066EC08 /* Frameworks */ = {
			isa = PBXFrameworksBuildPhase;
			buildActionMask = 2147483647;
			files = (
				5079FD7E2A10D4D40066EC08 /* HotKey in Frameworks */,
				50BEA38C2A51CB6100F0FE19 /* Reachability in Frameworks */,
			);
			runOnlyForDeploymentPostprocessing = 0;
		};
/* End PBXFrameworksBuildPhase section */

/* Begin PBXGroup section */
		5079FD5F2A10C8890066EC08 = {
			isa = PBXGroup;
			children = (
				5079FD6A2A10C8890066EC08 /* imageTop2 */,
				5079FD692A10C8890066EC08 /* Products */,
			);
			sourceTree = "<group>";
		};
		5079FD692A10C8890066EC08 /* Products */ = {
			isa = PBXGroup;
			children = (
				5079FD682A10C8890066EC08 /* imageTop.app */,
			);
			name = Products;
			sourceTree = "<group>";
		};
		5079FD6A2A10C8890066EC08 /* imageTop2 */ = {
			isa = PBXGroup;
			children = (
				5079FD7F2A10D5170066EC08 /* AppDelegate.swift */,
				5079FD6F2A10C88B0066EC08 /* Assets.xcassets */,
				5079FD812A10D59F0066EC08 /* Classes */,
				5079FD7A2A10D2390066EC08 /* ContentView.swift */,
				50EC4A9A2A1404A600C4D327 /* Functions */,
				5079FD742A10C88B0066EC08 /* imageTop2.entitlements */,
				5079FD942A10DE360066EC08 /* ImageTopApp.swift */,
				5079FD712A10C88B0066EC08 /* Main.storyboard */,
				5079FD8A2A10DB320066EC08 /* Structs */,
				5079FD6D2A10C8890066EC08 /* ViewController.swift */,
				5079FD8F2A10DBAF0066EC08 /* Views */,
			);
			path = imageTop2;
			sourceTree = "<group>";
		};
		5079FD812A10D59F0066EC08 /* Classes */ = {
			isa = PBXGroup;
			children = (
				5079FD822A10D5B50066EC08 /* Keyboard.swift */,
				50B646632A111162002CA82E /* WindowManager.swift */,
				50627A852A167148009BA1FC /* DirectoryWatcher.swift */,
				50C499172A2D173F00797C12 /* ScreenLockStatus.swift */,
				50BEA3862A4EC07C00F0FE19 /* PausableTimer.swift */,
				50BEA38D2A51D50000F0FE19 /* NetworkManager.swift */,
			);
			path = Classes;
			sourceTree = "<group>";
		};
		5079FD8A2A10DB320066EC08 /* Structs */ = {
			isa = PBXGroup;
			children = (
				5079FD8B2A10DB4E0066EC08 /* LoadableImageView.swift */,
				5079FD8D2A10DB680066EC08 /* FocusableTextField.swift */,
				50B9EA922A3648F6002BCB4B /* PexelsResource-photo-src.swift */,
				50A06A0D2A3CA62B00319BEA /* VideoData.swift */,
			);
			path = Structs;
			sourceTree = "<group>";
		};
		5079FD8F2A10DBAF0066EC08 /* Views */ = {
			isa = PBXGroup;
			children = (
				5079FD902A10DBC30066EC08 /* DigitalWatchView.swift */,
				5079FD912A10DBC30066EC08 /* SettingsView.swift */,
				50A06A072A39C02100319BEA /* VideoPlayerView.swift */,
			);
			path = Views;
			sourceTree = "<group>";
		};
		50EC4A9A2A1404A600C4D327 /* Functions */ = {
			isa = PBXGroup;
			children = (
				50EC4A9B2A1404BF00C4D327 /* debugPrint.swift */,
				50B9EA942A364929002BCB4B /* downloadPexelPhotos.swift */,
				50B9EA962A364CA2002BCB4B /* checkIfUrlExists.swift */,
				50B9EA982A365361002BCB4B /* downloadPhoto.swift */,
				50B9EA9A2A365450002BCB4B /* sanitizeFileName.swift */,
				50B9EA9C2A377061002BCB4B /* ClearFolder.swift */,
				50B9EA9E2A3793A1002BCB4B /* isFreeSpaceMoreThan.swift */,
				50B9EAA02A386A1E002BCB4B /* WriteFile.swift */,
				50B9EAA22A387E5A002BCB4B /* readFileContents.swift */,
				50A06A0B2A3C9E2100319BEA /* getPexelsVideoList.swift */,
				50A06A0F2A3F2B7E00319BEA /* clearPexelVideos.swift */,
				50A06A112A3F2BFE00319BEA /* deleteFile.swift */,
				50BEA3B32A5436AB00F0FE19 /* isVideoFile.swift */,
				50DC5B562A5C2ABD003119E8 /* indexedPrint.swift */,
			);
			path = Functions;
			sourceTree = "<group>";
		};
/* End PBXGroup section */

/* Begin PBXNativeTarget section */
		5079FD672A10C8890066EC08 /* imageTop */ = {
			isa = PBXNativeTarget;
			buildConfigurationList = 5079FD772A10C88B0066EC08 /* Build configuration list for PBXNativeTarget "imageTop" */;
			buildPhases = (
				5079FD642A10C8890066EC08 /* Sources */,
				5079FD652A10C8890066EC08 /* Frameworks */,
				5079FD662A10C8890066EC08 /* Resources */,
			);
			buildRules = (
			);
			dependencies = (
			);
			name = imageTop;
			packageProductDependencies = (
				5079FD7D2A10D4D40066EC08 /* HotKey */,
				50BEA38B2A51CB6100F0FE19 /* Reachability */,
			);
			productName = imageTop2;
			productReference = 5079FD682A10C8890066EC08 /* imageTop.app */;
			productType = "com.apple.product-type.application";
		};
/* End PBXNativeTarget section */

/* Begin PBXProject section */
		5079FD602A10C8890066EC08 /* Project object */ = {
			isa = PBXProject;
			attributes = {
				BuildIndependentTargetsInParallel = 1;
				LastSwiftUpdateCheck = 1430;
				LastUpgradeCheck = 1430;
				TargetAttributes = {
					5079FD672A10C8890066EC08 = {
						CreatedOnToolsVersion = 14.3;
					};
				};
			};
			buildConfigurationList = 5079FD632A10C8890066EC08 /* Build configuration list for PBXProject "imageTop" */;
			compatibilityVersion = "Xcode 14.0";
			developmentRegion = en;
			hasScannedForEncodings = 0;
			knownRegions = (
				en,
				Base,
			);
			mainGroup = 5079FD5F2A10C8890066EC08;
			packageReferences = (
				5079FD7C2A10D4D40066EC08 /* XCRemoteSwiftPackageReference "HotKey" */,
				50BEA38A2A51CB6100F0FE19 /* XCRemoteSwiftPackageReference "Reachability" */,
			);
			productRefGroup = 5079FD692A10C8890066EC08 /* Products */;
			projectDirPath = "";
			projectRoot = "";
			targets = (
				5079FD672A10C8890066EC08 /* imageTop */,
			);
		};
/* End PBXProject section */

/* Begin PBXResourcesBuildPhase section */
		5079FD662A10C8890066EC08 /* Resources */ = {
			isa = PBXResourcesBuildPhase;
			buildActionMask = 2147483647;
			files = (
				5079FD702A10C88B0066EC08 /* Assets.xcassets in Resources */,
				5079FD732A10C88B0066EC08 /* Main.storyboard in Resources */,
			);
			runOnlyForDeploymentPostprocessing = 0;
		};
/* End PBXResourcesBuildPhase section */

/* Begin PBXSourcesBuildPhase section */
		5079FD642A10C8890066EC08 /* Sources */ = {
			isa = PBXSourcesBuildPhase;
			buildActionMask = 2147483647;
			files = (
				5079FD6E2A10C8890066EC08 /* ViewController.swift in Sources */,
				50B9EA972A364CA2002BCB4B /* checkIfUrlExists.swift in Sources */,
				5079FD922A10DBC30066EC08 /* DigitalWatchView.swift in Sources */,
				50B9EA952A364929002BCB4B /* downloadPexelPhotos.swift in Sources */,
				50BEA3872A4EC07C00F0FE19 /* PausableTimer.swift in Sources */,
				50B9EAA12A386A1E002BCB4B /* WriteFile.swift in Sources */,
				50A06A122A3F2BFE00319BEA /* deleteFile.swift in Sources */,
				50BEA3B42A5436AB00F0FE19 /* isVideoFile.swift in Sources */,
				50B9EA9F2A3793A1002BCB4B /* isFreeSpaceMoreThan.swift in Sources */,
				5079FD8E2A10DB680066EC08 /* FocusableTextField.swift in Sources */,
				50B9EA9D2A377061002BCB4B /* ClearFolder.swift in Sources */,
				50A06A0C2A3C9E2100319BEA /* getPexelsVideoList.swift in Sources */,
				50B9EA9B2A365450002BCB4B /* sanitizeFileName.swift in Sources */,
				50B9EAA32A387E5A002BCB4B /* readFileContents.swift in Sources */,
				5079FD952A10DE360066EC08 /* ImageTopApp.swift in Sources */,
				50BEA38E2A51D50000F0FE19 /* NetworkManager.swift in Sources */,
				5079FD932A10DBC30066EC08 /* SettingsView.swift in Sources */,
				5079FD802A10D5180066EC08 /* AppDelegate.swift in Sources */,
				50A06A102A3F2B7E00319BEA /* clearPexelVideos.swift in Sources */,
				50B646642A111162002CA82E /* WindowManager.swift in Sources */,
				5079FD832A10D5B50066EC08 /* Keyboard.swift in Sources */,
				50B9EA992A365361002BCB4B /* downloadPhoto.swift in Sources */,
				50B9EA932A3648F6002BCB4B /* PexelsResource-photo-src.swift in Sources */,
				50627A862A167148009BA1FC /* DirectoryWatcher.swift in Sources */,
				5079FD8C2A10DB4E0066EC08 /* LoadableImageView.swift in Sources */,
				5079FD7B2A10D2390066EC08 /* ContentView.swift in Sources */,
				50EC4A9C2A1404BF00C4D327 /* debugPrint.swift in Sources */,
				50A06A0E2A3CA62B00319BEA /* VideoData.swift in Sources */,
				50DC5B572A5C2ABD003119E8 /* indexedPrint.swift in Sources */,
				50C499182A2D173F00797C12 /* ScreenLockStatus.swift in Sources */,
				50A06A082A39C02100319BEA /* VideoPlayerView.swift in Sources */,
			);
			runOnlyForDeploymentPostprocessing = 0;
		};
/* End PBXSourcesBuildPhase section */

/* Begin PBXVariantGroup section */
		5079FD712A10C88B0066EC08 /* Main.storyboard */ = {
			isa = PBXVariantGroup;
			children = (
				5079FD722A10C88B0066EC08 /* Base */,
			);
			name = Main.storyboard;
			sourceTree = "<group>";
		};
/* End PBXVariantGroup section */

/* Begin XCBuildConfiguration section */
		5079FD752A10C88B0066EC08 /* Debug */ = {
			isa = XCBuildConfiguration;
			buildSettings = {
				ALWAYS_SEARCH_USER_PATHS = NO;
				CLANG_ANALYZER_NONNULL = YES;
				CLANG_ANALYZER_NUMBER_OBJECT_CONVERSION = YES_AGGRESSIVE;
				CLANG_CXX_LANGUAGE_STANDARD = "gnu++20";
				CLANG_ENABLE_MODULES = YES;
				CLANG_ENABLE_OBJC_ARC = YES;
				CLANG_ENABLE_OBJC_WEAK = YES;
				CLANG_WARN_BLOCK_CAPTURE_AUTORELEASING = YES;
				CLANG_WARN_BOOL_CONVERSION = YES;
				CLANG_WARN_COMMA = YES;
				CLANG_WARN_CONSTANT_CONVERSION = YES;
				CLANG_WARN_DEPRECATED_OBJC_IMPLEMENTATIONS = YES;
				CLANG_WARN_DIRECT_OBJC_ISA_USAGE = YES_ERROR;
				CLANG_WARN_DOCUMENTATION_COMMENTS = YES;
				CLANG_WARN_EMPTY_BODY = YES;
				CLANG_WARN_ENUM_CONVERSION = YES;
				CLANG_WARN_INFINITE_RECURSION = YES;
				CLANG_WARN_INT_CONVERSION = YES;
				CLANG_WARN_NON_LITERAL_NULL_CONVERSION = YES;
				CLANG_WARN_OBJC_IMPLICIT_RETAIN_SELF = YES;
				CLANG_WARN_OBJC_LITERAL_CONVERSION = YES;
				CLANG_WARN_OBJC_ROOT_CLASS = YES_ERROR;
				CLANG_WARN_QUOTED_INCLUDE_IN_FRAMEWORK_HEADER = YES;
				CLANG_WARN_RANGE_LOOP_ANALYSIS = YES;
				CLANG_WARN_STRICT_PROTOTYPES = YES;
				CLANG_WARN_SUSPICIOUS_MOVE = YES;
				CLANG_WARN_UNGUARDED_AVAILABILITY = YES_AGGRESSIVE;
				CLANG_WARN_UNREACHABLE_CODE = YES;
				CLANG_WARN__DUPLICATE_METHOD_MATCH = YES;
				COPY_PHASE_STRIP = NO;
				DEBUG_INFORMATION_FORMAT = dwarf;
				ENABLE_STRICT_OBJC_MSGSEND = YES;
				ENABLE_TESTABILITY = YES;
				GCC_C_LANGUAGE_STANDARD = gnu11;
				GCC_DYNAMIC_NO_PIC = NO;
				GCC_NO_COMMON_BLOCKS = YES;
				GCC_OPTIMIZATION_LEVEL = 0;
				GCC_PREPROCESSOR_DEFINITIONS = (
					"DEBUG=1",
					"$(inherited)",
				);
				GCC_WARN_64_TO_32_BIT_CONVERSION = YES;
				GCC_WARN_ABOUT_RETURN_TYPE = YES_ERROR;
				GCC_WARN_UNDECLARED_SELECTOR = YES;
				GCC_WARN_UNINITIALIZED_AUTOS = YES_AGGRESSIVE;
				GCC_WARN_UNUSED_FUNCTION = YES;
				GCC_WARN_UNUSED_VARIABLE = YES;
				MACOSX_DEPLOYMENT_TARGET = 13.0;
				MTL_ENABLE_DEBUG_INFO = INCLUDE_SOURCE;
				MTL_FAST_MATH = YES;
				ONLY_ACTIVE_ARCH = YES;
				SDKROOT = macosx;
				SWIFT_ACTIVE_COMPILATION_CONDITIONS = DEBUG;
				SWIFT_OPTIMIZATION_LEVEL = "-Onone";
			};
			name = Debug;
		};
		5079FD762A10C88B0066EC08 /* Release */ = {
			isa = XCBuildConfiguration;
			buildSettings = {
				ALWAYS_SEARCH_USER_PATHS = NO;
				CLANG_ANALYZER_NONNULL = YES;
				CLANG_ANALYZER_NUMBER_OBJECT_CONVERSION = YES_AGGRESSIVE;
				CLANG_CXX_LANGUAGE_STANDARD = "gnu++20";
				CLANG_ENABLE_MODULES = YES;
				CLANG_ENABLE_OBJC_ARC = YES;
				CLANG_ENABLE_OBJC_WEAK = YES;
				CLANG_WARN_BLOCK_CAPTURE_AUTORELEASING = YES;
				CLANG_WARN_BOOL_CONVERSION = YES;
				CLANG_WARN_COMMA = YES;
				CLANG_WARN_CONSTANT_CONVERSION = YES;
				CLANG_WARN_DEPRECATED_OBJC_IMPLEMENTATIONS = YES;
				CLANG_WARN_DIRECT_OBJC_ISA_USAGE = YES_ERROR;
				CLANG_WARN_DOCUMENTATION_COMMENTS = YES;
				CLANG_WARN_EMPTY_BODY = YES;
				CLANG_WARN_ENUM_CONVERSION = YES;
				CLANG_WARN_INFINITE_RECURSION = YES;
				CLANG_WARN_INT_CONVERSION = YES;
				CLANG_WARN_NON_LITERAL_NULL_CONVERSION = YES;
				CLANG_WARN_OBJC_IMPLICIT_RETAIN_SELF = YES;
				CLANG_WARN_OBJC_LITERAL_CONVERSION = YES;
				CLANG_WARN_OBJC_ROOT_CLASS = YES_ERROR;
				CLANG_WARN_QUOTED_INCLUDE_IN_FRAMEWORK_HEADER = YES;
				CLANG_WARN_RANGE_LOOP_ANALYSIS = YES;
				CLANG_WARN_STRICT_PROTOTYPES = YES;
				CLANG_WARN_SUSPICIOUS_MOVE = YES;
				CLANG_WARN_UNGUARDED_AVAILABILITY = YES_AGGRESSIVE;
				CLANG_WARN_UNREACHABLE_CODE = YES;
				CLANG_WARN__DUPLICATE_METHOD_MATCH = YES;
				COPY_PHASE_STRIP = NO;
				DEBUG_INFORMATION_FORMAT = "dwarf-with-dsym";
				ENABLE_NS_ASSERTIONS = NO;
				ENABLE_STRICT_OBJC_MSGSEND = YES;
				GCC_C_LANGUAGE_STANDARD = gnu11;
				GCC_NO_COMMON_BLOCKS = YES;
				GCC_WARN_64_TO_32_BIT_CONVERSION = YES;
				GCC_WARN_ABOUT_RETURN_TYPE = YES_ERROR;
				GCC_WARN_UNDECLARED_SELECTOR = YES;
				GCC_WARN_UNINITIALIZED_AUTOS = YES_AGGRESSIVE;
				GCC_WARN_UNUSED_FUNCTION = YES;
				GCC_WARN_UNUSED_VARIABLE = YES;
				MACOSX_DEPLOYMENT_TARGET = 13.0;
				MTL_ENABLE_DEBUG_INFO = NO;
				MTL_FAST_MATH = YES;
				SDKROOT = macosx;
				SWIFT_COMPILATION_MODE = wholemodule;
				SWIFT_OPTIMIZATION_LEVEL = "-O";
			};
			name = Release;
		};
		5079FD782A10C88B0066EC08 /* Debug */ = {
			isa = XCBuildConfiguration;
			buildSettings = {
				ASSETCATALOG_COMPILER_APPICON_NAME = AppIcon;
				ASSETCATALOG_COMPILER_GLOBAL_ACCENT_COLOR_NAME = AccentColor;
				CODE_SIGN_ENTITLEMENTS = imageTop2/imageTop2.entitlements;
				CODE_SIGN_STYLE = Automatic;
				COMBINE_HIDPI_IMAGES = YES;
				CURRENT_PROJECT_VERSION = 30;
				DEVELOPMENT_TEAM = NRTGJB9J65;
				ENABLE_HARDENED_RUNTIME = YES;
				GENERATE_INFOPLIST_FILE = YES;
				INFOPLIST_KEY_LSApplicationCategoryType = "public.app-category.utilities";
				INFOPLIST_KEY_NSHumanReadableCopyright = "";
				INFOPLIST_KEY_NSMainStoryboardFile = Main;
				INFOPLIST_KEY_NSPrincipalClass = NSApplication;
				LD_RUNPATH_SEARCH_PATHS = (
					"$(inherited)",
					"@executable_path/../Frameworks",
				);
				MARKETING_VERSION = 3.1;
				PRODUCT_BUNDLE_IDENTIFIER = com.imageTop.ImageTop;
				PRODUCT_NAME = "$(TARGET_NAME)";
				SWIFT_EMIT_LOC_STRINGS = YES;
				SWIFT_OBJC_BRIDGING_HEADER = "";
				SWIFT_VERSION = 5.0;
			};
			name = Debug;
		};
		5079FD792A10C88B0066EC08 /* Release */ = {
			isa = XCBuildConfiguration;
			buildSettings = {
				ASSETCATALOG_COMPILER_APPICON_NAME = AppIcon;
				ASSETCATALOG_COMPILER_GLOBAL_ACCENT_COLOR_NAME = AccentColor;
				CODE_SIGN_ENTITLEMENTS = imageTop2/imageTop2.entitlements;
				CODE_SIGN_STYLE = Automatic;
				COMBINE_HIDPI_IMAGES = YES;
				CURRENT_PROJECT_VERSION = 30;
				DEVELOPMENT_TEAM = NRTGJB9J65;
				ENABLE_HARDENED_RUNTIME = YES;
				GENERATE_INFOPLIST_FILE = YES;
				INFOPLIST_KEY_LSApplicationCategoryType = "public.app-category.utilities";
				INFOPLIST_KEY_NSHumanReadableCopyright = "";
				INFOPLIST_KEY_NSMainStoryboardFile = Main;
				INFOPLIST_KEY_NSPrincipalClass = NSApplication;
				LD_RUNPATH_SEARCH_PATHS = (
					"$(inherited)",
					"@executable_path/../Frameworks",
				);
				MARKETING_VERSION = 3.1;
				PRODUCT_BUNDLE_IDENTIFIER = com.imageTop.ImageTop;
				PRODUCT_NAME = "$(TARGET_NAME)";
				SWIFT_EMIT_LOC_STRINGS = YES;
				SWIFT_OBJC_BRIDGING_HEADER = "";
				SWIFT_VERSION = 5.0;
			};
			name = Release;
		};
/* End XCBuildConfiguration section */

/* Begin XCConfigurationList section */
		5079FD632A10C8890066EC08 /* Build configuration list for PBXProject "imageTop" */ = {
			isa = XCConfigurationList;
			buildConfigurations = (
				5079FD752A10C88B0066EC08 /* Debug */,
				5079FD762A10C88B0066EC08 /* Release */,
			);
			defaultConfigurationIsVisible = 0;
			defaultConfigurationName = Release;
		};
		5079FD772A10C88B0066EC08 /* Build configuration list for PBXNativeTarget "imageTop" */ = {
			isa = XCConfigurationList;
			buildConfigurations = (
				5079FD782A10C88B0066EC08 /* Debug */,
				5079FD792A10C88B0066EC08 /* Release */,
			);
			defaultConfigurationIsVisible = 0;
			defaultConfigurationName = Release;
		};
/* End XCConfigurationList section */

/* Begin XCRemoteSwiftPackageReference section */
		5079FD7C2A10D4D40066EC08 /* XCRemoteSwiftPackageReference "HotKey" */ = {
			isa = XCRemoteSwiftPackageReference;
			repositoryURL = "https://github.com/soffes/HotKey/";
			requirement = {
				branch = master;
				kind = branch;
			};
		};
		50BEA38A2A51CB6100F0FE19 /* XCRemoteSwiftPackageReference "Reachability" */ = {
			isa = XCRemoteSwiftPackageReference;
			repositoryURL = "https://github.com/ashleymills/Reachability.swift";
			requirement = {
				branch = master;
				kind = branch;
			};
		};
/* End XCRemoteSwiftPackageReference section */

/* Begin XCSwiftPackageProductDependency section */
		5079FD7D2A10D4D40066EC08 /* HotKey */ = {
			isa = XCSwiftPackageProductDependency;
			package = 5079FD7C2A10D4D40066EC08 /* XCRemoteSwiftPackageReference "HotKey" */;
			productName = HotKey;
		};
		50BEA38B2A51CB6100F0FE19 /* Reachability */ = {
			isa = XCSwiftPackageProductDependency;
			package = 50BEA38A2A51CB6100F0FE19 /* XCRemoteSwiftPackageReference "Reachability" */;
			productName = Reachability;
		};
/* End XCSwiftPackageProductDependency section */
	};
	rootObject = 5079FD602A10C8890066EC08 /* Project object */;
}
